// !$*UTF8*$!
{
	archiveVersion = 1;
	classes = {
	};
	objectVersion = 46;
	objects = {

/* Begin PBXBuildFile section */
		A303B8CA1A96AE390006B4AA /* ViewController.swift in Sources */ = {isa = PBXBuildFile; fileRef = A38927691A8FC40C00E568C4 /* ViewController.swift */; };
		A3098D641A96ADB6001FA6FE /* InterfaceController.swift in Sources */ = {isa = PBXBuildFile; fileRef = A3098D631A96ADB6001FA6FE /* InterfaceController.swift */; };
		A3098D661A96ADB6001FA6FE /* GlanceController.swift in Sources */ = {isa = PBXBuildFile; fileRef = A3098D651A96ADB6001FA6FE /* GlanceController.swift */; };
		A3098D681A96ADB6001FA6FE /* Images.xcassets in Resources */ = {isa = PBXBuildFile; fileRef = A3098D671A96ADB6001FA6FE /* Images.xcassets */; };
		A3098D6C1A96ADB6001FA6FE /* Weather WatchKit App.app in Resources */ = {isa = PBXBuildFile; fileRef = A3098D6B1A96ADB6001FA6FE /* Weather WatchKit App.app */; };
		A3098D741A96ADB6001FA6FE /* Interface.storyboard in Resources */ = {isa = PBXBuildFile; fileRef = A3098D721A96ADB6001FA6FE /* Interface.storyboard */; };
		A3098D761A96ADB6001FA6FE /* Images.xcassets in Resources */ = {isa = PBXBuildFile; fileRef = A3098D751A96ADB6001FA6FE /* Images.xcassets */; };
		A3098D791A96ADB6001FA6FE /* Weather WatchKit Extension.appex in Embed App Extensions */ = {isa = PBXBuildFile; fileRef = A3098D5F1A96ADB6001FA6FE /* Weather WatchKit Extension.appex */; settings = {ATTRIBUTES = (RemoveHeadersOnCopy, ); }; };
		A36B65041A98E80A0023DCFF /* sky.jpg in Resources */ = {isa = PBXBuildFile; fileRef = A3DF11571A916E96000DD8F9 /* sky.jpg */; };
		A36B65051A98E80F0023DCFF /* rainbow sky.jpeg in Resources */ = {isa = PBXBuildFile; fileRef = A3DF11591A9173D5000DD8F9 /* rainbow sky.jpeg */; };
		A36B65061A98E8100023DCFF /* rainbow sky.jpeg in Resources */ = {isa = PBXBuildFile; fileRef = A3DF11591A9173D5000DD8F9 /* rainbow sky.jpeg */; };
		A36B65071A98E8130023DCFF /* sky.jpg in Resources */ = {isa = PBXBuildFile; fileRef = A3DF11571A916E96000DD8F9 /* sky.jpg */; };
		A36B65081A98E8170023DCFF /* Blue-Sky-Wallpaper-.jpg in Resources */ = {isa = PBXBuildFile; fileRef = A3DF115B1A91741F000DD8F9 /* Blue-Sky-Wallpaper-.jpg */; };
		A36B65091A98E8180023DCFF /* Blue-Sky-Wallpaper-.jpg in Resources */ = {isa = PBXBuildFile; fileRef = A3DF115B1A91741F000DD8F9 /* Blue-Sky-Wallpaper-.jpg */; };
		A36B650A1A98E81E0023DCFF /* snow.jpeg in Resources */ = {isa = PBXBuildFile; fileRef = A3DF115D1A91A504000DD8F9 /* snow.jpeg */; };
		A36B650B1A98E81E0023DCFF /* snow.jpeg in Resources */ = {isa = PBXBuildFile; fileRef = A3DF115D1A91A504000DD8F9 /* snow.jpeg */; };
		A36B650C1A98E8220023DCFF /* rain_cloud.jpg in Resources */ = {isa = PBXBuildFile; fileRef = A3DF12011A94418A000DD8F9 /* rain_cloud.jpg */; };
		A36B650D1A98E8220023DCFF /* rain_cloud.jpg in Resources */ = {isa = PBXBuildFile; fileRef = A3DF12011A94418A000DD8F9 /* rain_cloud.jpg */; };
		A36B650E1A98E8260023DCFF /* sunny.jpg in Resources */ = {isa = PBXBuildFile; fileRef = A3DF11611A91A5DB000DD8F9 /* sunny.jpg */; };
		A36B650F1A98E8270023DCFF /* sunny.jpg in Resources */ = {isa = PBXBuildFile; fileRef = A3DF11611A91A5DB000DD8F9 /* sunny.jpg */; };
		A36B65101A98E82A0023DCFF /* cloudy.jpg in Resources */ = {isa = PBXBuildFile; fileRef = A3DF11631A91A5FD000DD8F9 /* cloudy.jpg */; };
		A36B65111A98E82B0023DCFF /* cloudy.jpg in Resources */ = {isa = PBXBuildFile; fileRef = A3DF11631A91A5FD000DD8F9 /* cloudy.jpg */; };
		A38927681A8FC40C00E568C4 /* AppDelegate.swift in Sources */ = {isa = PBXBuildFile; fileRef = A38927671A8FC40C00E568C4 /* AppDelegate.swift */; };
		A389276A1A8FC40C00E568C4 /* ViewController.swift in Sources */ = {isa = PBXBuildFile; fileRef = A38927691A8FC40C00E568C4 /* ViewController.swift */; };
		A389276D1A8FC40C00E568C4 /* Main.storyboard in Resources */ = {isa = PBXBuildFile; fileRef = A389276B1A8FC40C00E568C4 /* Main.storyboard */; };
		A389276F1A8FC40C00E568C4 /* Images.xcassets in Resources */ = {isa = PBXBuildFile; fileRef = A389276E1A8FC40C00E568C4 /* Images.xcassets */; };
		A38927721A8FC40C00E568C4 /* LaunchScreen.xib in Resources */ = {isa = PBXBuildFile; fileRef = A38927701A8FC40C00E568C4 /* LaunchScreen.xib */; };
		A389277E1A8FC40C00E568C4 /* WeatherTests.swift in Sources */ = {isa = PBXBuildFile; fileRef = A389277D1A8FC40C00E568C4 /* WeatherTests.swift */; };
		A3DF11581A916E96000DD8F9 /* sky.jpg in Resources */ = {isa = PBXBuildFile; fileRef = A3DF11571A916E96000DD8F9 /* sky.jpg */; };
		A3DF115A1A9173D5000DD8F9 /* rainbow sky.jpeg in Resources */ = {isa = PBXBuildFile; fileRef = A3DF11591A9173D5000DD8F9 /* rainbow sky.jpeg */; };
		A3DF115C1A91741F000DD8F9 /* Blue-Sky-Wallpaper-.jpg in Resources */ = {isa = PBXBuildFile; fileRef = A3DF115B1A91741F000DD8F9 /* Blue-Sky-Wallpaper-.jpg */; };
		A3DF115E1A91A504000DD8F9 /* snow.jpeg in Resources */ = {isa = PBXBuildFile; fileRef = A3DF115D1A91A504000DD8F9 /* snow.jpeg */; };
		A3DF11621A91A5DB000DD8F9 /* sunny.jpg in Resources */ = {isa = PBXBuildFile; fileRef = A3DF11611A91A5DB000DD8F9 /* sunny.jpg */; };
		A3DF11641A91A5FD000DD8F9 /* cloudy.jpg in Resources */ = {isa = PBXBuildFile; fileRef = A3DF11631A91A5FD000DD8F9 /* cloudy.jpg */; };
		A3DF11FE1A9431B7000DD8F9 /* CoreLocation.framework in Frameworks */ = {isa = PBXBuildFile; fileRef = A3DF11FD1A9431B7000DD8F9 /* CoreLocation.framework */; };
		A3DF12001A944105000DD8F9 /* rain.png in Resources */ = {isa = PBXBuildFile; fileRef = A3DF11FF1A944105000DD8F9 /* rain.png */; };
		A3DF12021A94418A000DD8F9 /* rain_cloud.jpg in Resources */ = {isa = PBXBuildFile; fileRef = A3DF12011A94418A000DD8F9 /* rain_cloud.jpg */; };
		A3FC03C01A98ED32004FB53E /* 29ptWeatherIcon.png in Resources */ = {isa = PBXBuildFile; fileRef = A3FC03BD1A98ED32004FB53E /* 29ptWeatherIcon.png */; };
		A3FC03C11A98ED32004FB53E /* 40ptWeatherIcon.png in Resources */ = {isa = PBXBuildFile; fileRef = A3FC03BE1A98ED32004FB53E /* 40ptWeatherIcon.png */; };
		A3FC03C21A98ED32004FB53E /* 60ptWeatherIcon.png in Resources */ = {isa = PBXBuildFile; fileRef = A3FC03BF1A98ED32004FB53E /* 60ptWeatherIcon.png */; };
		A3FC03C41A98F06D004FB53E /* 29ptWeatherIcon3x.png in Resources */ = {isa = PBXBuildFile; fileRef = A3FC03C31A98F06D004FB53E /* 29ptWeatherIcon3x.png */; };
		A3FC03C61A98F07A004FB53E /* 40ptWeatherIcon3x.png in Resources */ = {isa = PBXBuildFile; fileRef = A3FC03C51A98F07A004FB53E /* 40ptWeatherIcon3x.png */; };
		A3FC03C81A98F086004FB53E /* 60ptWeatherIcon3x.png in Resources */ = {isa = PBXBuildFile; fileRef = A3FC03C71A98F086004FB53E /* 60ptWeatherIcon3x.png */; };
/* End PBXBuildFile section */

/* Begin PBXContainerItemProxy section */
		A3098D6D1A96ADB6001FA6FE /* PBXContainerItemProxy */ = {
			isa = PBXContainerItemProxy;
			containerPortal = A389275A1A8FC40C00E568C4 /* Project object */;
			proxyType = 1;
			remoteGlobalIDString = A3098D6A1A96ADB6001FA6FE;
			remoteInfo = "Weather WatchKit App";
		};
		A3098D771A96ADB6001FA6FE /* PBXContainerItemProxy */ = {
			isa = PBXContainerItemProxy;
			containerPortal = A389275A1A8FC40C00E568C4 /* Project object */;
			proxyType = 1;
			remoteGlobalIDString = A3098D5E1A96ADB6001FA6FE;
			remoteInfo = "Weather WatchKit Extension";
		};
		A38927781A8FC40C00E568C4 /* PBXContainerItemProxy */ = {
			isa = PBXContainerItemProxy;
			containerPortal = A389275A1A8FC40C00E568C4 /* Project object */;
			proxyType = 1;
			remoteGlobalIDString = A38927611A8FC40C00E568C4;
			remoteInfo = Weather;
		};
/* End PBXContainerItemProxy section */

/* Begin PBXCopyFilesBuildPhase section */
		A3098D801A96ADB6001FA6FE /* Embed App Extensions */ = {
			isa = PBXCopyFilesBuildPhase;
			buildActionMask = 2147483647;
			dstPath = "";
			dstSubfolderSpec = 13;
			files = (
				A3098D791A96ADB6001FA6FE /* Weather WatchKit Extension.appex in Embed App Extensions */,
			);
			name = "Embed App Extensions";
			runOnlyForDeploymentPostprocessing = 0;
		};
/* End PBXCopyFilesBuildPhase section */

/* Begin PBXFileReference section */
		A3098D5F1A96ADB6001FA6FE /* Weather WatchKit Extension.appex */ = {isa = PBXFileReference; explicitFileType = "wrapper.app-extension"; includeInIndex = 0; path = "Weather WatchKit Extension.appex"; sourceTree = BUILT_PRODUCTS_DIR; };
		A3098D621A96ADB6001FA6FE /* Info.plist */ = {isa = PBXFileReference; lastKnownFileType = text.plist.xml; path = Info.plist; sourceTree = "<group>"; };
		A3098D631A96ADB6001FA6FE /* InterfaceController.swift */ = {isa = PBXFileReference; lastKnownFileType = sourcecode.swift; path = InterfaceController.swift; sourceTree = "<group>"; };
		A3098D651A96ADB6001FA6FE /* GlanceController.swift */ = {isa = PBXFileReference; lastKnownFileType = sourcecode.swift; path = GlanceController.swift; sourceTree = "<group>"; };
		A3098D671A96ADB6001FA6FE /* Images.xcassets */ = {isa = PBXFileReference; lastKnownFileType = folder.assetcatalog; path = Images.xcassets; sourceTree = "<group>"; };
		A3098D6B1A96ADB6001FA6FE /* Weather WatchKit App.app */ = {isa = PBXFileReference; explicitFileType = wrapper.application; includeInIndex = 0; path = "Weather WatchKit App.app"; sourceTree = BUILT_PRODUCTS_DIR; };
		A3098D711A96ADB6001FA6FE /* Info.plist */ = {isa = PBXFileReference; lastKnownFileType = text.plist.xml; path = Info.plist; sourceTree = "<group>"; };
		A3098D731A96ADB6001FA6FE /* Base */ = {isa = PBXFileReference; lastKnownFileType = file.storyboard; name = Base; path = Base.lproj/Interface.storyboard; sourceTree = "<group>"; };
		A3098D751A96ADB6001FA6FE /* Images.xcassets */ = {isa = PBXFileReference; lastKnownFileType = folder.assetcatalog; path = Images.xcassets; sourceTree = "<group>"; };
		A38927621A8FC40C00E568C4 /* Weather.app */ = {isa = PBXFileReference; explicitFileType = wrapper.application; includeInIndex = 0; path = Weather.app; sourceTree = BUILT_PRODUCTS_DIR; };
		A38927661A8FC40C00E568C4 /* Info.plist */ = {isa = PBXFileReference; lastKnownFileType = text.plist.xml; path = Info.plist; sourceTree = "<group>"; };
		A38927671A8FC40C00E568C4 /* AppDelegate.swift */ = {isa = PBXFileReference; lastKnownFileType = sourcecode.swift; path = AppDelegate.swift; sourceTree = "<group>"; };
		A38927691A8FC40C00E568C4 /* ViewController.swift */ = {isa = PBXFileReference; lastKnownFileType = sourcecode.swift; path = ViewController.swift; sourceTree = "<group>"; };
		A389276C1A8FC40C00E568C4 /* Base */ = {isa = PBXFileReference; lastKnownFileType = file.storyboard; name = Base; path = Base.lproj/Main.storyboard; sourceTree = "<group>"; };
		A389276E1A8FC40C00E568C4 /* Images.xcassets */ = {isa = PBXFileReference; lastKnownFileType = folder.assetcatalog; path = Images.xcassets; sourceTree = "<group>"; };
		A38927711A8FC40C00E568C4 /* Base */ = {isa = PBXFileReference; lastKnownFileType = file.xib; name = Base; path = Base.lproj/LaunchScreen.xib; sourceTree = "<group>"; };
		A38927771A8FC40C00E568C4 /* WeatherTests.xctest */ = {isa = PBXFileReference; explicitFileType = wrapper.cfbundle; includeInIndex = 0; path = WeatherTests.xctest; sourceTree = BUILT_PRODUCTS_DIR; };
		A389277C1A8FC40C00E568C4 /* Info.plist */ = {isa = PBXFileReference; lastKnownFileType = text.plist.xml; path = Info.plist; sourceTree = "<group>"; };
		A389277D1A8FC40C00E568C4 /* WeatherTests.swift */ = {isa = PBXFileReference; lastKnownFileType = sourcecode.swift; path = WeatherTests.swift; sourceTree = "<group>"; };
		A3DF11571A916E96000DD8F9 /* sky.jpg */ = {isa = PBXFileReference; lastKnownFileType = image.jpeg; path = sky.jpg; sourceTree = "<group>"; };
		A3DF11591A9173D5000DD8F9 /* rainbow sky.jpeg */ = {isa = PBXFileReference; lastKnownFileType = image.jpeg; path = "rainbow sky.jpeg"; sourceTree = "<group>"; };
		A3DF115B1A91741F000DD8F9 /* Blue-Sky-Wallpaper-.jpg */ = {isa = PBXFileReference; lastKnownFileType = image.jpeg; path = "Blue-Sky-Wallpaper-.jpg"; sourceTree = "<group>"; };
		A3DF115D1A91A504000DD8F9 /* snow.jpeg */ = {isa = PBXFileReference; lastKnownFileType = image.jpeg; path = snow.jpeg; sourceTree = "<group>"; };
		A3DF11611A91A5DB000DD8F9 /* sunny.jpg */ = {isa = PBXFileReference; lastKnownFileType = image.jpeg; path = sunny.jpg; sourceTree = "<group>"; };
		A3DF11631A91A5FD000DD8F9 /* cloudy.jpg */ = {isa = PBXFileReference; lastKnownFileType = image.jpeg; path = cloudy.jpg; sourceTree = "<group>"; };
		A3DF11FD1A9431B7000DD8F9 /* CoreLocation.framework */ = {isa = PBXFileReference; lastKnownFileType = wrapper.framework; name = CoreLocation.framework; path = System/Library/Frameworks/CoreLocation.framework; sourceTree = SDKROOT; };
		A3DF11FF1A944105000DD8F9 /* rain.png */ = {isa = PBXFileReference; lastKnownFileType = image.png; path = rain.png; sourceTree = "<group>"; };
		A3DF12011A94418A000DD8F9 /* rain_cloud.jpg */ = {isa = PBXFileReference; lastKnownFileType = image.jpeg; path = rain_cloud.jpg; sourceTree = "<group>"; };
		A3FC03BD1A98ED32004FB53E /* 29ptWeatherIcon.png */ = {isa = PBXFileReference; lastKnownFileType = image.png; name = 29ptWeatherIcon.png; path = ../../29ptWeatherIcon.png; sourceTree = "<group>"; };
		A3FC03BE1A98ED32004FB53E /* 40ptWeatherIcon.png */ = {isa = PBXFileReference; lastKnownFileType = image.png; name = 40ptWeatherIcon.png; path = ../../40ptWeatherIcon.png; sourceTree = "<group>"; };
		A3FC03BF1A98ED32004FB53E /* 60ptWeatherIcon.png */ = {isa = PBXFileReference; lastKnownFileType = image.png; name = 60ptWeatherIcon.png; path = ../../60ptWeatherIcon.png; sourceTree = "<group>"; };
		A3FC03C31A98F06D004FB53E /* 29ptWeatherIcon3x.png */ = {isa = PBXFileReference; lastKnownFileType = image.png; name = 29ptWeatherIcon3x.png; path = ../../29ptWeatherIcon3x.png; sourceTree = "<group>"; };
		A3FC03C51A98F07A004FB53E /* 40ptWeatherIcon3x.png */ = {isa = PBXFileReference; lastKnownFileType = image.png; name = 40ptWeatherIcon3x.png; path = ../../40ptWeatherIcon3x.png; sourceTree = "<group>"; };
		A3FC03C71A98F086004FB53E /* 60ptWeatherIcon3x.png */ = {isa = PBXFileReference; lastKnownFileType = image.png; name = 60ptWeatherIcon3x.png; path = ../../60ptWeatherIcon3x.png; sourceTree = "<group>"; };
/* End PBXFileReference section */

/* Begin PBXFrameworksBuildPhase section */
		A3098D5C1A96ADB6001FA6FE /* Frameworks */ = {
			isa = PBXFrameworksBuildPhase;
			buildActionMask = 2147483647;
			files = (
			);
			runOnlyForDeploymentPostprocessing = 0;
		};
		A389275F1A8FC40C00E568C4 /* Frameworks */ = {
			isa = PBXFrameworksBuildPhase;
			buildActionMask = 2147483647;
			files = (
				A3DF11FE1A9431B7000DD8F9 /* CoreLocation.framework in Frameworks */,
			);
			runOnlyForDeploymentPostprocessing = 0;
		};
		A38927741A8FC40C00E568C4 /* Frameworks */ = {
			isa = PBXFrameworksBuildPhase;
			buildActionMask = 2147483647;
			files = (
			);
			runOnlyForDeploymentPostprocessing = 0;
		};
/* End PBXFrameworksBuildPhase section */

/* Begin PBXGroup section */
		A3098D601A96ADB6001FA6FE /* Weather WatchKit Extension */ = {
			isa = PBXGroup;
			children = (
				A3098D631A96ADB6001FA6FE /* InterfaceController.swift */,
				A3098D651A96ADB6001FA6FE /* GlanceController.swift */,
				A3098D671A96ADB6001FA6FE /* Images.xcassets */,
				A3098D611A96ADB6001FA6FE /* Supporting Files */,
			);
			path = "Weather WatchKit Extension";
			sourceTree = "<group>";
		};
		A3098D611A96ADB6001FA6FE /* Supporting Files */ = {
			isa = PBXGroup;
			children = (
				A3098D621A96ADB6001FA6FE /* Info.plist */,
			);
			name = "Supporting Files";
			sourceTree = "<group>";
		};
		A3098D6F1A96ADB6001FA6FE /* Weather WatchKit App */ = {
			isa = PBXGroup;
			children = (
				A3098D721A96ADB6001FA6FE /* Interface.storyboard */,
				A3098D751A96ADB6001FA6FE /* Images.xcassets */,
				A3098D701A96ADB6001FA6FE /* Supporting Files */,
			);
			path = "Weather WatchKit App";
			sourceTree = "<group>";
		};
		A3098D701A96ADB6001FA6FE /* Supporting Files */ = {
			isa = PBXGroup;
			children = (
				A3098D711A96ADB6001FA6FE /* Info.plist */,
			);
			name = "Supporting Files";
			sourceTree = "<group>";
		};
		A38927591A8FC40C00E568C4 = {
			isa = PBXGroup;
			children = (
				A3DF11FD1A9431B7000DD8F9 /* CoreLocation.framework */,
				A38927641A8FC40C00E568C4 /* Weather */,
				A389277A1A8FC40C00E568C4 /* WeatherTests */,
				A3098D601A96ADB6001FA6FE /* Weather WatchKit Extension */,
				A3098D6F1A96ADB6001FA6FE /* Weather WatchKit App */,
				A38927631A8FC40C00E568C4 /* Products */,
			);
			sourceTree = "<group>";
		};
		A38927631A8FC40C00E568C4 /* Products */ = {
			isa = PBXGroup;
			children = (
				A38927621A8FC40C00E568C4 /* Weather.app */,
				A38927771A8FC40C00E568C4 /* WeatherTests.xctest */,
				A3098D5F1A96ADB6001FA6FE /* Weather WatchKit Extension.appex */,
				A3098D6B1A96ADB6001FA6FE /* Weather WatchKit App.app */,
			);
			name = Products;
			sourceTree = "<group>";
		};
		A38927641A8FC40C00E568C4 /* Weather */ = {
			isa = PBXGroup;
			children = (
				A38927671A8FC40C00E568C4 /* AppDelegate.swift */,
				A38927691A8FC40C00E568C4 /* ViewController.swift */,
				A389276B1A8FC40C00E568C4 /* Main.storyboard */,
				A389276E1A8FC40C00E568C4 /* Images.xcassets */,
				A38927701A8FC40C00E568C4 /* LaunchScreen.xib */,
				A38927651A8FC40C00E568C4 /* Supporting Files */,
			);
			path = Weather;
			sourceTree = "<group>";
		};
		A38927651A8FC40C00E568C4 /* Supporting Files */ = {
			isa = PBXGroup;
			children = (
				A3FC03BD1A98ED32004FB53E /* 29ptWeatherIcon.png */,
				A3FC03C31A98F06D004FB53E /* 29ptWeatherIcon3x.png */,
				A3FC03BE1A98ED32004FB53E /* 40ptWeatherIcon.png */,
				A3FC03C51A98F07A004FB53E /* 40ptWeatherIcon3x.png */,
				A3FC03BF1A98ED32004FB53E /* 60ptWeatherIcon.png */,
				A3FC03C71A98F086004FB53E /* 60ptWeatherIcon3x.png */,
				A3DF11571A916E96000DD8F9 /* sky.jpg */,
				A3DF11591A9173D5000DD8F9 /* rainbow sky.jpeg */,
				A3DF115B1A91741F000DD8F9 /* Blue-Sky-Wallpaper-.jpg */,
				A3DF115D1A91A504000DD8F9 /* snow.jpeg */,
				A3DF12011A94418A000DD8F9 /* rain_cloud.jpg */,
				A3DF11FF1A944105000DD8F9 /* rain.png */,
				A3DF11611A91A5DB000DD8F9 /* sunny.jpg */,
				A3DF11631A91A5FD000DD8F9 /* cloudy.jpg */,
				A38927661A8FC40C00E568C4 /* Info.plist */,
			);
			name = "Supporting Files";
			sourceTree = "<group>";
		};
		A389277A1A8FC40C00E568C4 /* WeatherTests */ = {
			isa = PBXGroup;
			children = (
				A389277D1A8FC40C00E568C4 /* WeatherTests.swift */,
				A389277B1A8FC40C00E568C4 /* Supporting Files */,
			);
			path = WeatherTests;
			sourceTree = "<group>";
		};
		A389277B1A8FC40C00E568C4 /* Supporting Files */ = {
			isa = PBXGroup;
			children = (
				A389277C1A8FC40C00E568C4 /* Info.plist */,
			);
			name = "Supporting Files";
			sourceTree = "<group>";
		};
/* End PBXGroup section */

/* Begin PBXNativeTarget section */
		A3098D5E1A96ADB6001FA6FE /* Weather WatchKit Extension */ = {
			isa = PBXNativeTarget;
			buildConfigurationList = A3098D7F1A96ADB6001FA6FE /* Build configuration list for PBXNativeTarget "Weather WatchKit Extension" */;
			buildPhases = (
				A3098D5B1A96ADB6001FA6FE /* Sources */,
				A3098D5C1A96ADB6001FA6FE /* Frameworks */,
				A3098D5D1A96ADB6001FA6FE /* Resources */,
			);
			buildRules = (
			);
			dependencies = (
				A3098D6E1A96ADB6001FA6FE /* PBXTargetDependency */,
			);
			name = "Weather WatchKit Extension";
			productName = "Weather WatchKit Extension";
			productReference = A3098D5F1A96ADB6001FA6FE /* Weather WatchKit Extension.appex */;
			productType = "com.apple.product-type.watchkit-extension";
		};
		A3098D6A1A96ADB6001FA6FE /* Weather WatchKit App */ = {
			isa = PBXNativeTarget;
			buildConfigurationList = A3098D7E1A96ADB6001FA6FE /* Build configuration list for PBXNativeTarget "Weather WatchKit App" */;
			buildPhases = (
				A3098D691A96ADB6001FA6FE /* Resources */,
			);
			buildRules = (
			);
			dependencies = (
			);
			name = "Weather WatchKit App";
			productName = "Weather WatchKit App";
			productReference = A3098D6B1A96ADB6001FA6FE /* Weather WatchKit App.app */;
			productType = "com.apple.product-type.application.watchapp";
		};
		A38927611A8FC40C00E568C4 /* Weather */ = {
			isa = PBXNativeTarget;
			buildConfigurationList = A38927811A8FC40C00E568C4 /* Build configuration list for PBXNativeTarget "Weather" */;
			buildPhases = (
				A389275E1A8FC40C00E568C4 /* Sources */,
				A389275F1A8FC40C00E568C4 /* Frameworks */,
				A38927601A8FC40C00E568C4 /* Resources */,
				A3098D801A96ADB6001FA6FE /* Embed App Extensions */,
			);
			buildRules = (
			);
			dependencies = (
				A3098D781A96ADB6001FA6FE /* PBXTargetDependency */,
			);
			name = Weather;
			productName = Weather;
			productReference = A38927621A8FC40C00E568C4 /* Weather.app */;
			productType = "com.apple.product-type.application";
		};
		A38927761A8FC40C00E568C4 /* WeatherTests */ = {
			isa = PBXNativeTarget;
			buildConfigurationList = A38927841A8FC40C00E568C4 /* Build configuration list for PBXNativeTarget "WeatherTests" */;
			buildPhases = (
				A38927731A8FC40C00E568C4 /* Sources */,
				A38927741A8FC40C00E568C4 /* Frameworks */,
				A38927751A8FC40C00E568C4 /* Resources */,
			);
			buildRules = (
			);
			dependencies = (
				A38927791A8FC40C00E568C4 /* PBXTargetDependency */,
			);
			name = WeatherTests;
			productName = WeatherTests;
			productReference = A38927771A8FC40C00E568C4 /* WeatherTests.xctest */;
			productType = "com.apple.product-type.bundle.unit-test";
		};
/* End PBXNativeTarget section */

/* Begin PBXProject section */
		A389275A1A8FC40C00E568C4 /* Project object */ = {
			isa = PBXProject;
			attributes = {
				LastUpgradeCheck = 0610;
				ORGANIZATIONNAME = "Luke de Castro";
				TargetAttributes = {
					A3098D5E1A96ADB6001FA6FE = {
						CreatedOnToolsVersion = 6.2;
					};
					A3098D6A1A96ADB6001FA6FE = {
						CreatedOnToolsVersion = 6.2;
					};
					A38927611A8FC40C00E568C4 = {
						CreatedOnToolsVersion = 6.1.1;
					};
					A38927761A8FC40C00E568C4 = {
						CreatedOnToolsVersion = 6.1.1;
						TestTargetID = A38927611A8FC40C00E568C4;
					};
				};
			};
			buildConfigurationList = A389275D1A8FC40C00E568C4 /* Build configuration list for PBXProject "Weather" */;
			compatibilityVersion = "Xcode 3.2";
			developmentRegion = English;
			hasScannedForEncodings = 0;
			knownRegions = (
				en,
				Base,
			);
			mainGroup = A38927591A8FC40C00E568C4;
			productRefGroup = A38927631A8FC40C00E568C4 /* Products */;
			projectDirPath = "";
			projectRoot = "";
			targets = (
				A38927611A8FC40C00E568C4 /* Weather */,
				A38927761A8FC40C00E568C4 /* WeatherTests */,
				A3098D5E1A96ADB6001FA6FE /* Weather WatchKit Extension */,
				A3098D6A1A96ADB6001FA6FE /* Weather WatchKit App */,
			);
		};
/* End PBXProject section */

/* Begin PBXResourcesBuildPhase section */
		A3098D5D1A96ADB6001FA6FE /* Resources */ = {
			isa = PBXResourcesBuildPhase;
			buildActionMask = 2147483647;
			files = (
				A36B65041A98E80A0023DCFF /* sky.jpg in Resources */,
				A36B650C1A98E8220023DCFF /* rain_cloud.jpg in Resources */,
				A36B65081A98E8170023DCFF /* Blue-Sky-Wallpaper-.jpg in Resources */,
				A36B65051A98E80F0023DCFF /* rainbow sky.jpeg in Resources */,
				A3098D681A96ADB6001FA6FE /* Images.xcassets in Resources */,
				A36B650E1A98E8260023DCFF /* sunny.jpg in Resources */,
				A36B65101A98E82A0023DCFF /* cloudy.jpg in Resources */,
				A36B650A1A98E81E0023DCFF /* snow.jpeg in Resources */,
				A3098D6C1A96ADB6001FA6FE /* Weather WatchKit App.app in Resources */,
			);
			runOnlyForDeploymentPostprocessing = 0;
		};
		A3098D691A96ADB6001FA6FE /* Resources */ = {
			isa = PBXResourcesBuildPhase;
			buildActionMask = 2147483647;
			files = (
				A3098D741A96ADB6001FA6FE /* Interface.storyboard in Resources */,
				A36B650D1A98E8220023DCFF /* rain_cloud.jpg in Resources */,
				A36B65091A98E8180023DCFF /* Blue-Sky-Wallpaper-.jpg in Resources */,
				A36B65071A98E8130023DCFF /* sky.jpg in Resources */,
				A36B65061A98E8100023DCFF /* rainbow sky.jpeg in Resources */,
				A36B650F1A98E8270023DCFF /* sunny.jpg in Resources */,
				A36B65111A98E82B0023DCFF /* cloudy.jpg in Resources */,
				A36B650B1A98E81E0023DCFF /* snow.jpeg in Resources */,
				A3098D761A96ADB6001FA6FE /* Images.xcassets in Resources */,
			);
			runOnlyForDeploymentPostprocessing = 0;
		};
		A38927601A8FC40C00E568C4 /* Resources */ = {
			isa = PBXResourcesBuildPhase;
			buildActionMask = 2147483647;
			files = (
				A389276D1A8FC40C00E568C4 /* Main.storyboard in Resources */,
				A3FC03C21A98ED32004FB53E /* 60ptWeatherIcon.png in Resources */,
				A3DF12021A94418A000DD8F9 /* rain_cloud.jpg in Resources */,
				A3DF11621A91A5DB000DD8F9 /* sunny.jpg in Resources */,
				A3FC03C61A98F07A004FB53E /* 40ptWeatherIcon3x.png in Resources */,
				A3FC03C81A98F086004FB53E /* 60ptWeatherIcon3x.png in Resources */,
				A3FC03C11A98ED32004FB53E /* 40ptWeatherIcon.png in Resources */,
				A3DF11641A91A5FD000DD8F9 /* cloudy.jpg in Resources */,
				A3DF115E1A91A504000DD8F9 /* snow.jpeg in Resources */,
				A3DF12001A944105000DD8F9 /* rain.png in Resources */,
				A3FC03C01A98ED32004FB53E /* 29ptWeatherIcon.png in Resources */,
				A3FC03C41A98F06D004FB53E /* 29ptWeatherIcon3x.png in Resources */,
				A3DF11581A916E96000DD8F9 /* sky.jpg in Resources */,
				A3DF115A1A9173D5000DD8F9 /* rainbow sky.jpeg in Resources */,
				A38927721A8FC40C00E568C4 /* LaunchScreen.xib in Resources */,
				A3DF115C1A91741F000DD8F9 /* Blue-Sky-Wallpaper-.jpg in Resources */,
				A389276F1A8FC40C00E568C4 /* Images.xcassets in Resources */,
			);
			runOnlyForDeploymentPostprocessing = 0;
		};
		A38927751A8FC40C00E568C4 /* Resources */ = {
			isa = PBXResourcesBuildPhase;
			buildActionMask = 2147483647;
			files = (
			);
			runOnlyForDeploymentPostprocessing = 0;
		};
/* End PBXResourcesBuildPhase section */

/* Begin PBXSourcesBuildPhase section */
		A3098D5B1A96ADB6001FA6FE /* Sources */ = {
			isa = PBXSourcesBuildPhase;
			buildActionMask = 2147483647;
			files = (
				A303B8CA1A96AE390006B4AA /* ViewController.swift in Sources */,
				A3098D641A96ADB6001FA6FE /* InterfaceController.swift in Sources */,
				A3098D661A96ADB6001FA6FE /* GlanceController.swift in Sources */,
			);
			runOnlyForDeploymentPostprocessing = 0;
		};
		A389275E1A8FC40C00E568C4 /* Sources */ = {
			isa = PBXSourcesBuildPhase;
			buildActionMask = 2147483647;
			files = (
				A389276A1A8FC40C00E568C4 /* ViewController.swift in Sources */,
				A38927681A8FC40C00E568C4 /* AppDelegate.swift in Sources */,
			);
			runOnlyForDeploymentPostprocessing = 0;
		};
		A38927731A8FC40C00E568C4 /* Sources */ = {
			isa = PBXSourcesBuildPhase;
			buildActionMask = 2147483647;
			files = (
				A389277E1A8FC40C00E568C4 /* WeatherTests.swift in Sources */,
			);
			runOnlyForDeploymentPostprocessing = 0;
		};
/* End PBXSourcesBuildPhase section */

/* Begin PBXTargetDependency section */
		A3098D6E1A96ADB6001FA6FE /* PBXTargetDependency */ = {
			isa = PBXTargetDependency;
			target = A3098D6A1A96ADB6001FA6FE /* Weather WatchKit App */;
			targetProxy = A3098D6D1A96ADB6001FA6FE /* PBXContainerItemProxy */;
		};
		A3098D781A96ADB6001FA6FE /* PBXTargetDependency */ = {
			isa = PBXTargetDependency;
			target = A3098D5E1A96ADB6001FA6FE /* Weather WatchKit Extension */;
			targetProxy = A3098D771A96ADB6001FA6FE /* PBXContainerItemProxy */;
		};
		A38927791A8FC40C00E568C4 /* PBXTargetDependency */ = {
			isa = PBXTargetDependency;
			target = A38927611A8FC40C00E568C4 /* Weather */;
			targetProxy = A38927781A8FC40C00E568C4 /* PBXContainerItemProxy */;
		};
/* End PBXTargetDependency section */

/* Begin PBXVariantGroup section */
		A3098D721A96ADB6001FA6FE /* Interface.storyboard */ = {
			isa = PBXVariantGroup;
			children = (
				A3098D731A96ADB6001FA6FE /* Base */,
			);
			name = Interface.storyboard;
			sourceTree = "<group>";
		};
		A389276B1A8FC40C00E568C4 /* Main.storyboard */ = {
			isa = PBXVariantGroup;
			children = (
				A389276C1A8FC40C00E568C4 /* Base */,
			);
			name = Main.storyboard;
			sourceTree = "<group>";
		};
		A38927701A8FC40C00E568C4 /* LaunchScreen.xib */ = {
			isa = PBXVariantGroup;
			children = (
				A38927711A8FC40C00E568C4 /* Base */,
			);
			name = LaunchScreen.xib;
			sourceTree = "<group>";
		};
/* End PBXVariantGroup section */

/* Begin XCBuildConfiguration section */
		A3098D7A1A96ADB6001FA6FE /* Debug */ = {
			isa = XCBuildConfiguration;
			buildSettings = {
				GCC_PREPROCESSOR_DEFINITIONS = (
					"DEBUG=1",
					"$(inherited)",
				);
				INFOPLIST_FILE = "Weather WatchKit Extension/Info.plist";
				IPHONEOS_DEPLOYMENT_TARGET = 8.2;
				LD_RUNPATH_SEARCH_PATHS = "$(inherited) @executable_path/Frameworks @executable_path/../../Frameworks";
				PRODUCT_NAME = "${TARGET_NAME}";
				SKIP_INSTALL = YES;
			};
			name = Debug;
		};
		A3098D7B1A96ADB6001FA6FE /* Release */ = {
			isa = XCBuildConfiguration;
			buildSettings = {
				COPY_PHASE_STRIP = NO;
				INFOPLIST_FILE = "Weather WatchKit Extension/Info.plist";
				IPHONEOS_DEPLOYMENT_TARGET = 8.2;
				LD_RUNPATH_SEARCH_PATHS = "$(inherited) @executable_path/Frameworks @executable_path/../../Frameworks";
				PRODUCT_NAME = "${TARGET_NAME}";
				SKIP_INSTALL = YES;
			};
			name = Release;
		};
		A3098D7C1A96ADB6001FA6FE /* Debug */ = {
			isa = XCBuildConfiguration;
			buildSettings = {
				ASSETCATALOG_COMPILER_APPICON_NAME = AppIcon;
				GCC_PREPROCESSOR_DEFINITIONS = (
					"DEBUG=1",
					"$(inherited)",
				);
				IBSC_MODULE = Weather_WatchKit_Extension;
				INFOPLIST_FILE = "Weather WatchKit App/Info.plist";
				IPHONEOS_DEPLOYMENT_TARGET = 8.2;
				PRODUCT_NAME = "$(TARGET_NAME)";
				SKIP_INSTALL = YES;
				TARGETED_DEVICE_FAMILY = 4;
				"TARGETED_DEVICE_FAMILY[sdk=iphonesimulator*]" = "1,4";
			};
			name = Debug;
		};
		A3098D7D1A96ADB6001FA6FE /* Release */ = {
			isa = XCBuildConfiguration;
			buildSettings = {
				ASSETCATALOG_COMPILER_APPICON_NAME = AppIcon;
				COPY_PHASE_STRIP = NO;
				IBSC_MODULE = Weather_WatchKit_Extension;
				INFOPLIST_FILE = "Weather WatchKit App/Info.plist";
				IPHONEOS_DEPLOYMENT_TARGET = 8.2;
				PRODUCT_NAME = "$(TARGET_NAME)";
				SKIP_INSTALL = YES;
				TARGETED_DEVICE_FAMILY = 4;
				"TARGETED_DEVICE_FAMILY[sdk=iphonesimulator*]" = "1,4";
			};
			name = Release;
		};
		A389277F1A8FC40C00E568C4 /* Debug */ = {
			isa = XCBuildConfiguration;
			buildSettings = {
				ALWAYS_SEARCH_USER_PATHS = NO;
				CLANG_CXX_LANGUAGE_STANDARD = "gnu++0x";
				CLANG_CXX_LIBRARY = "libc++";
				CLANG_ENABLE_MODULES = YES;
				CLANG_ENABLE_OBJC_ARC = YES;
				CLANG_WARN_BOOL_CONVERSION = YES;
				CLANG_WARN_CONSTANT_CONVERSION = YES;
				CLANG_WARN_DIRECT_OBJC_ISA_USAGE = YES_ERROR;
				CLANG_WARN_EMPTY_BODY = YES;
				CLANG_WARN_ENUM_CONVERSION = YES;
				CLANG_WARN_INT_CONVERSION = YES;
				CLANG_WARN_OBJC_ROOT_CLASS = YES_ERROR;
				CLANG_WARN_UNREACHABLE_CODE = YES;
				CLANG_WARN__DUPLICATE_METHOD_MATCH = YES;
				"CODE_SIGN_IDENTITY[sdk=iphoneos*]" = "iPhone Developer";
				COPY_PHASE_STRIP = NO;
				ENABLE_STRICT_OBJC_MSGSEND = YES;
				GCC_C_LANGUAGE_STANDARD = gnu99;
				GCC_DYNAMIC_NO_PIC = NO;
				GCC_OPTIMIZATION_LEVEL = 0;
				GCC_PREPROCESSOR_DEFINITIONS = (
					"DEBUG=1",
					"$(inherited)",
				);
				GCC_SYMBOLS_PRIVATE_EXTERN = NO;
				GCC_WARN_64_TO_32_BIT_CONVERSION = YES;
				GCC_WARN_ABOUT_RETURN_TYPE = YES_ERROR;
				GCC_WARN_UNDECLARED_SELECTOR = YES;
				GCC_WARN_UNINITIALIZED_AUTOS = YES_AGGRESSIVE;
				GCC_WARN_UNUSED_FUNCTION = YES;
				GCC_WARN_UNUSED_VARIABLE = YES;
				IPHONEOS_DEPLOYMENT_TARGET = 8.1;
				MTL_ENABLE_DEBUG_INFO = YES;
				ONLY_ACTIVE_ARCH = YES;
				SDKROOT = iphoneos;
				SWIFT_OPTIMIZATION_LEVEL = "-Onone";
			};
			name = Debug;
		};
		A38927801A8FC40C00E568C4 /* Release */ = {
			isa = XCBuildConfiguration;
			buildSettings = {
				ALWAYS_SEARCH_USER_PATHS = NO;
				CLANG_CXX_LANGUAGE_STANDARD = "gnu++0x";
				CLANG_CXX_LIBRARY = "libc++";
				CLANG_ENABLE_MODULES = YES;
				CLANG_ENABLE_OBJC_ARC = YES;
				CLANG_WARN_BOOL_CONVERSION = YES;
				CLANG_WARN_CONSTANT_CONVERSION = YES;
				CLANG_WARN_DIRECT_OBJC_ISA_USAGE = YES_ERROR;
				CLANG_WARN_EMPTY_BODY = YES;
				CLANG_WARN_ENUM_CONVERSION = YES;
				CLANG_WARN_INT_CONVERSION = YES;
				CLANG_WARN_OBJC_ROOT_CLASS = YES_ERROR;
				CLANG_WARN_UNREACHABLE_CODE = YES;
				CLANG_WARN__DUPLICATE_METHOD_MATCH = YES;
				"CODE_SIGN_IDENTITY[sdk=iphoneos*]" = "iPhone Developer";
				COPY_PHASE_STRIP = YES;
				ENABLE_NS_ASSERTIONS = NO;
				ENABLE_STRICT_OBJC_MSGSEND = YES;
				GCC_C_LANGUAGE_STANDARD = gnu99;
				GCC_WARN_64_TO_32_BIT_CONVERSION = YES;
				GCC_WARN_ABOUT_RETURN_TYPE = YES_ERROR;
				GCC_WARN_UNDECLARED_SELECTOR = YES;
				GCC_WARN_UNINITIALIZED_AUTOS = YES_AGGRESSIVE;
				GCC_WARN_UNUSED_FUNCTION = YES;
				GCC_WARN_UNUSED_VARIABLE = YES;
				IPHONEOS_DEPLOYMENT_TARGET = 8.1;
				MTL_ENABLE_DEBUG_INFO = NO;
				SDKROOT = iphoneos;
				VALIDATE_PRODUCT = YES;
			};
			name = Release;
		};
		A38927821A8FC40C00E568C4 /* Debug */ = {
			isa = XCBuildConfiguration;
			buildSettings = {
				ASSETCATALOG_COMPILER_APPICON_NAME = AppIcon;
				EMBEDDED_CONTENT_CONTAINS_SWIFT = YES;
				INFOPLIST_FILE = Weather/Info.plist;
				LD_RUNPATH_SEARCH_PATHS = "$(inherited) @executable_path/Frameworks";
				PRODUCT_NAME = "$(TARGET_NAME)";
			};
			name = Debug;
		};
		A38927831A8FC40C00E568C4 /* Release */ = {
			isa = XCBuildConfiguration;
			buildSettings = {
				ASSETCATALOG_COMPILER_APPICON_NAME = AppIcon;
				EMBEDDED_CONTENT_CONTAINS_SWIFT = YES;
				INFOPLIST_FILE = Weather/Info.plist;
				LD_RUNPATH_SEARCH_PATHS = "$(inherited) @executable_path/Frameworks";
				PRODUCT_NAME = "$(TARGET_NAME)";
			};
			name = Release;
		};
		A38927851A8FC40C00E568C4 /* Debug */ = {
			isa = XCBuildConfiguration;
			buildSettings = {
				BUNDLE_LOADER = "$(TEST_HOST)";
				FRAMEWORK_SEARCH_PATHS = (
					"$(SDKROOT)/Developer/Library/Frameworks",
					"$(inherited)",
				);
				GCC_PREPROCESSOR_DEFINITIONS = (
					"DEBUG=1",
					"$(inherited)",
				);
				INFOPLIST_FILE = WeatherTests/Info.plist;
				LD_RUNPATH_SEARCH_PATHS = "$(inherited) @executable_path/Frameworks @loader_path/Frameworks";
				PRODUCT_NAME = "$(TARGET_NAME)";
				TEST_HOST = "$(BUILT_PRODUCTS_DIR)/Weather.app/Weather";
			};
			name = Debug;
		};
		A38927861A8FC40C00E568C4 /* Release */ = {
			isa = XCBuildConfiguration;
			buildSettings = {
				BUNDLE_LOADER = "$(TEST_HOST)";
				FRAMEWORK_SEARCH_PATHS = (
					"$(SDKROOT)/Developer/Library/Frameworks",
					"$(inherited)",
				);
				INFOPLIST_FILE = WeatherTests/Info.plist;
				LD_RUNPATH_SEARCH_PATHS = "$(inherited) @executable_path/Frameworks @loader_path/Frameworks";
				PRODUCT_NAME = "$(TARGET_NAME)";
				TEST_HOST = "$(BUILT_PRODUCTS_DIR)/Weather.app/Weather";
			};
			name = Release;
		};
/* End XCBuildConfiguration section */

/* Begin XCConfigurationList section */
		A3098D7E1A96ADB6001FA6FE /* Build configuration list for PBXNativeTarget "Weather WatchKit App" */ = {
			isa = XCConfigurationList;
			buildConfigurations = (
				A3098D7C1A96ADB6001FA6FE /* Debug */,
				A3098D7D1A96ADB6001FA6FE /* Release */,
			);
			defaultConfigurationIsVisible = 0;
			defaultConfigurationName = Release;
		};
		A3098D7F1A96ADB6001FA6FE /* Build configuration list for PBXNativeTarget "Weather WatchKit Extension" */ = {
			isa = XCConfigurationList;
			buildConfigurations = (
				A3098D7A1A96ADB6001FA6FE /* Debug */,
				A3098D7B1A96ADB6001FA6FE /* Release */,
			);
			defaultConfigurationIsVisible = 0;
			defaultConfigurationName = Release;
		};
		A389275D1A8FC40C00E568C4 /* Build configuration list for PBXProject "Weather" */ = {
			isa = XCConfigurationList;
			buildConfigurations = (
				A389277F1A8FC40C00E568C4 /* Debug */,
				A38927801A8FC40C00E568C4 /* Release */,
			);
			defaultConfigurationIsVisible = 0;
			defaultConfigurationName = Release;
		};
		A38927811A8FC40C00E568C4 /* Build configuration list for PBXNativeTarget "Weather" */ = {
			isa = XCConfigurationList;
			buildConfigurations = (
				A38927821A8FC40C00E568C4 /* Debug */,
				A38927831A8FC40C00E568C4 /* Release */,
			);
			defaultConfigurationIsVisible = 0;
			defaultConfigurationName = Release;
		};
		A38927841A8FC40C00E568C4 /* Build configuration list for PBXNativeTarget "WeatherTests" */ = {
			isa = XCConfigurationList;
			buildConfigurations = (
				A38927851A8FC40C00E568C4 /* Debug */,
				A38927861A8FC40C00E568C4 /* Release */,
			);
			defaultConfigurationIsVisible = 0;
			defaultConfigurationName = Release;
		};
/* End XCConfigurationList section */
	};
	rootObject = A389275A1A8FC40C00E568C4 /* Project object */;
}
